
Microsoft Visual Studio Solution File, Format Version 12.00
# Visual Studio 15
VisualStudioVersion = 15.0.27130.2024
MinimumVisualStudioVersion = 10.0.40219.1
Project("{9A19103F-16F7-4668-BE54-9A1E7A4F7556}") = "Assessment.Client", "Src\Assessment.Client\Assessment.Client.csproj", "{1B6D068A-7D2D-47F5-8416-4C37D93CFB0A}"
EndProject
Project("{9A19103F-16F7-4668-BE54-9A1E7A4F7556}") = "Assessment.Web", "Src\Assessment.Web\Assessment.Web.csproj", "{5DFA6BFB-F071-40CF-B2E2-1EC4C639153F}"
EndProject
Project("{9A19103F-16F7-4668-BE54-9A1E7A4F7556}") = "Assessment.Web.Tests", "Tests\Assessment.Web.Tests\Assessment.Web.Tests.csproj", "{1CE8027C-2F01-4B39-BA6E-5434604921CF}"
EndProject
Project("{9A19103F-16F7-4668-BE54-9A1E7A4F7556}") = "AlogentBoard.Models", "AlogentBoard.Models\AlogentBoard.Models.csproj", "{507FD8A3-8AF3-49AB-953A-8F9CBA4E2943}"
EndProject
Project("{FAE04EC0-301F-11D3-BF4B-00C04F79EFBC}") = "AlogentBoard.API", "AlogentBoard.API\AlogentBoard.API.csproj", "{C2567951-884A-4A80-8997-025B93002D95}"
EndProject
Global
	GlobalSection(SolutionConfigurationPlatforms) = preSolution
		Debug|Any CPU = Debug|Any CPU
		Release|Any CPU = Release|Any CPU
	EndGlobalSection
	GlobalSection(ProjectConfigurationPlatforms) = postSolution
		{1B6D068A-7D2D-47F5-8416-4C37D93CFB0A}.Debug|Any CPU.ActiveCfg = Debug|Any CPU
		{1B6D068A-7D2D-47F5-8416-4C37D93CFB0A}.Debug|Any CPU.Build.0 = Debug|Any CPU
		{1B6D068A-7D2D-47F5-8416-4C37D93CFB0A}.Release|Any CPU.ActiveCfg = Release|Any CPU
		{1B6D068A-7D2D-47F5-8416-4C37D93CFB0A}.Release|Any CPU.Build.0 = Release|Any CPU
		{5DFA6BFB-F071-40CF-B2E2-1EC4C639153F}.Debug|Any CPU.ActiveCfg = Debug|Any CPU
		{5DFA6BFB-F071-40CF-B2E2-1EC4C639153F}.Debug|Any CPU.Build.0 = Debug|Any CPU
		{5DFA6BFB-F071-40CF-B2E2-1EC4C639153F}.Release|Any CPU.ActiveCfg = Release|Any CPU
		{5DFA6BFB-F071-40CF-B2E2-1EC4C639153F}.Release|Any CPU.Build.0 = Release|Any CPU
		{1CE8027C-2F01-4B39-BA6E-5434604921CF}.Debug|Any CPU.ActiveCfg = Debug|Any CPU
		{1CE8027C-2F01-4B39-BA6E-5434604921CF}.Debug|Any CPU.Build.0 = Debug|Any CPU
		{1CE8027C-2F01-4B39-BA6E-5434604921CF}.Release|Any CPU.ActiveCfg = Release|Any CPU
		{1CE8027C-2F01-4B39-BA6E-5434604921CF}.Release|Any CPU.Build.0 = Release|Any CPU
		{507FD8A3-8AF3-49AB-953A-8F9CBA4E2943}.Debug|Any CPU.ActiveCfg = Debug|Any CPU
		{507FD8A3-8AF3-49AB-953A-8F9CBA4E2943}.Debug|Any CPU.Build.0 = Debug|Any CPU
		{507FD8A3-8AF3-49AB-953A-8F9CBA4E2943}.Release|Any CPU.ActiveCfg = Release|Any CPU
		{507FD8A3-8AF3-49AB-953A-8F9CBA4E2943}.Release|Any CPU.Build.0 = Release|Any CPU
		{C2567951-884A-4A80-8997-025B93002D95}.Debug|Any CPU.ActiveCfg = Debug|Any CPU
		{C2567951-884A-4A80-8997-025B93002D95}.Debug|Any CPU.Build.0 = Debug|Any CPU
		{C2567951-884A-4A80-8997-025B93002D95}.Release|Any CPU.ActiveCfg = Release|Any CPU
		{C2567951-884A-4A80-8997-025B93002D95}.Release|Any CPU.Build.0 = Release|Any CPU
	EndGlobalSection
	GlobalSection(SolutionProperties) = preSolution
		HideSolutionNode = FALSE
	EndGlobalSection
	GlobalSection(ExtensibilityGlobals) = postSolution
		SolutionGuid = {4FDA66B3-142B-4B95-809F-C9513A663DF9}
	EndGlobalSection
EndGlobal
